
Microsoft Visual Studio Solution File, Format Version 12.00
# Visual Studio Version 16
VisualStudioVersion = 16.0.33328.57
MinimumVisualStudioVersion = 10.0.40219.1
Project("{F184B08F-C81C-45F6-A57F-5ABD9991F28F}") = "PaintingTool", "PaintingTool.vbproj", "{C4DF0050-4507-423E-B296-20DA61F66133}"
EndProject
Global
	GlobalSection(SolutionConfigurationPlatforms) = preSolution
		Debug|Any CPU = Debug|Any CPU
		Release|Any CPU = Release|Any CPU
	EndGlobalSection
	GlobalSection(ProjectConfigurationPlatforms) = postSolution
		{C4DF0050-4507-423E-B296-20DA61F66133}.Debug|Any CPU.ActiveCfg = Debug|Any CPU
		{C4DF0050-4507-423E-B296-20DA61F66133}.Debug|Any CPU.Build.0 = Debug|Any CPU
		{C4DF0050-4507-423E-B296-20DA61F66133}.Release|Any CPU.ActiveCfg = Release|Any CPU
		{C4DF0050-4507-423E-B296-20DA61F66133}.Release|Any CPU.Build.0 = Release|Any CPU
	EndGlobalSection
	GlobalSection(SolutionProperties) = preSolution
		HideSolutionNode = FALSE
	EndGlobalSection
	GlobalSection(ExtensibilityGlobals) = postSolution
		SolutionGuid = {C461BD37-D33C-44B1-8E9F-62828E133E74}
	EndGlobalSection
EndGlobal
